// !$*UTF8*$!
{
	archiveVersion = 1;
	classes = {
	};
	objectVersion = 50;
	objects = {

/* Begin PBXBuildFile section */
		BEBF5D4621B6D41700B8BFAC /* AppDelegate.swift in Sources */ = {isa = PBXBuildFile; fileRef = BEBF5D4521B6D41700B8BFAC /* AppDelegate.swift */; };
		BEBF5D4821B6D41700B8BFAC /* ViewController.swift in Sources */ = {isa = PBXBuildFile; fileRef = BEBF5D4721B6D41700B8BFAC /* ViewController.swift */; };
		BEBF5D4B21B6D41700B8BFAC /* Main.storyboard in Resources */ = {isa = PBXBuildFile; fileRef = BEBF5D4921B6D41700B8BFAC /* Main.storyboard */; };
		BEBF5D4D21B6D41C00B8BFAC /* Assets.xcassets in Resources */ = {isa = PBXBuildFile; fileRef = BEBF5D4C21B6D41C00B8BFAC /* Assets.xcassets */; };
		BEBF5D5021B6D41C00B8BFAC /* LaunchScreen.storyboard in Resources */ = {isa = PBXBuildFile; fileRef = BEBF5D4E21B6D41C00B8BFAC /* LaunchScreen.storyboard */; };
		BEBF5D5B21B6D41C00B8BFAC /* SuperDuperAbstractionAppTests.swift in Sources */ = {isa = PBXBuildFile; fileRef = BEBF5D5A21B6D41C00B8BFAC /* SuperDuperAbstractionAppTests.swift */; };
		BEBF5D6621B6D41C00B8BFAC /* SuperDuperAbstractionAppUITests.swift in Sources */ = {isa = PBXBuildFile; fileRef = BEBF5D6521B6D41C00B8BFAC /* SuperDuperAbstractionAppUITests.swift */; };
/* End PBXBuildFile section */

/* Begin PBXContainerItemProxy section */
		BEBF5D5721B6D41C00B8BFAC /* PBXContainerItemProxy */ = {
			isa = PBXContainerItemProxy;
			containerPortal = BEBF5D3A21B6D41700B8BFAC /* Project object */;
			proxyType = 1;
			remoteGlobalIDString = BEBF5D4121B6D41700B8BFAC;
			remoteInfo = SuperDuperAbstractionApp;
		};
		BEBF5D6221B6D41C00B8BFAC /* PBXContainerItemProxy */ = {
			isa = PBXContainerItemProxy;
			containerPortal = BEBF5D3A21B6D41700B8BFAC /* Project object */;
			proxyType = 1;
			remoteGlobalIDString = BEBF5D4121B6D41700B8BFAC;
			remoteInfo = SuperDuperAbstractionApp;
		};
/* End PBXContainerItemProxy section */

/* Begin PBXFileReference section */
		BEBF5D4221B6D41700B8BFAC /* SuperDuperAbstractionApp.app */ = {isa = PBXFileReference; explicitFileType = wrapper.application; includeInIndex = 0; path = SuperDuperAbstractionApp.app; sourceTree = BUILT_PRODUCTS_DIR; };
		BEBF5D4521B6D41700B8BFAC /* AppDelegate.swift */ = {isa = PBXFileReference; lastKnownFileType = sourcecode.swift; path = AppDelegate.swift; sourceTree = "<group>"; };
		BEBF5D4721B6D41700B8BFAC /* ViewController.swift */ = {isa = PBXFileReference; lastKnownFileType = sourcecode.swift; path = ViewController.swift; sourceTree = "<group>"; };
		BEBF5D4A21B6D41700B8BFAC /* Base */ = {isa = PBXFileReference; lastKnownFileType = file.storyboard; name = Base; path = Base.lproj/Main.storyboard; sourceTree = "<group>"; };
		BEBF5D4C21B6D41C00B8BFAC /* Assets.xcassets */ = {isa = PBXFileReference; lastKnownFileType = folder.assetcatalog; path = Assets.xcassets; sourceTree = "<group>"; };
		BEBF5D4F21B6D41C00B8BFAC /* Base */ = {isa = PBXFileReference; lastKnownFileType = file.storyboard; name = Base; path = Base.lproj/LaunchScreen.storyboard; sourceTree = "<group>"; };
		BEBF5D5121B6D41C00B8BFAC /* Info.plist */ = {isa = PBXFileReference; lastKnownFileType = text.plist.xml; path = Info.plist; sourceTree = "<group>"; };
		BEBF5D5621B6D41C00B8BFAC /* SuperDuperAbstractionAppTests.xctest */ = {isa = PBXFileReference; explicitFileType = wrapper.cfbundle; includeInIndex = 0; path = SuperDuperAbstractionAppTests.xctest; sourceTree = BUILT_PRODUCTS_DIR; };
		BEBF5D5A21B6D41C00B8BFAC /* SuperDuperAbstractionAppTests.swift */ = {isa = PBXFileReference; lastKnownFileType = sourcecode.swift; path = SuperDuperAbstractionAppTests.swift; sourceTree = "<group>"; };
		BEBF5D5C21B6D41C00B8BFAC /* Info.plist */ = {isa = PBXFileReference; lastKnownFileType = text.plist.xml; path = Info.plist; sourceTree = "<group>"; };
		BEBF5D6121B6D41C00B8BFAC /* SuperDuperAbstractionAppUITests.xctest */ = {isa = PBXFileReference; explicitFileType = wrapper.cfbundle; includeInIndex = 0; path = SuperDuperAbstractionAppUITests.xctest; sourceTree = BUILT_PRODUCTS_DIR; };
		BEBF5D6521B6D41C00B8BFAC /* SuperDuperAbstractionAppUITests.swift */ = {isa = PBXFileReference; lastKnownFileType = sourcecode.swift; path = SuperDuperAbstractionAppUITests.swift; sourceTree = "<group>"; };
		BEBF5D6721B6D41C00B8BFAC /* Info.plist */ = {isa = PBXFileReference; lastKnownFileType = text.plist.xml; path = Info.plist; sourceTree = "<group>"; };
/* End PBXFileReference section */

/* Begin PBXFrameworksBuildPhase section */
		BEBF5D3F21B6D41700B8BFAC /* Frameworks */ = {
			isa = PBXFrameworksBuildPhase;
			buildActionMask = 2147483647;
			files = (
			);
			runOnlyForDeploymentPostprocessing = 0;
		};
		BEBF5D5321B6D41C00B8BFAC /* Frameworks */ = {
			isa = PBXFrameworksBuildPhase;
			buildActionMask = 2147483647;
			files = (
			);
			runOnlyForDeploymentPostprocessing = 0;
		};
		BEBF5D5E21B6D41C00B8BFAC /* Frameworks */ = {
			isa = PBXFrameworksBuildPhase;
			buildActionMask = 2147483647;
			files = (
			);
			runOnlyForDeploymentPostprocessing = 0;
		};
/* End PBXFrameworksBuildPhase section */

/* Begin PBXGroup section */
		BEBF5D3921B6D41700B8BFAC = {
			isa = PBXGroup;
			children = (
				BEBF5D4421B6D41700B8BFAC /* SuperDuperAbstractionApp */,
				BEBF5D5921B6D41C00B8BFAC /* SuperDuperAbstractionAppTests */,
				BEBF5D6421B6D41C00B8BFAC /* SuperDuperAbstractionAppUITests */,
				BEBF5D4321B6D41700B8BFAC /* Products */,
			);
			sourceTree = "<group>";
		};
		BEBF5D4321B6D41700B8BFAC /* Products */ = {
			isa = PBXGroup;
			children = (
				BEBF5D4221B6D41700B8BFAC /* SuperDuperAbstractionApp.app */,
				BEBF5D5621B6D41C00B8BFAC /* SuperDuperAbstractionAppTests.xctest */,
				BEBF5D6121B6D41C00B8BFAC /* SuperDuperAbstractionAppUITests.xctest */,
			);
			name = Products;
			sourceTree = "<group>";
		};
		BEBF5D4421B6D41700B8BFAC /* SuperDuperAbstractionApp */ = {
			isa = PBXGroup;
			children = (
				BEBF5D7321B6D4D100B8BFAC /* Resources */,
				BEBF5D7421B6D4F900B8BFAC /* Controller */,
				BEBF5D7521B6D50700B8BFAC /* View */,
			);
			path = SuperDuperAbstractionApp;
			sourceTree = "<group>";
		};
		BEBF5D5921B6D41C00B8BFAC /* SuperDuperAbstractionAppTests */ = {
			isa = PBXGroup;
			children = (
				BEBF5D5A21B6D41C00B8BFAC /* SuperDuperAbstractionAppTests.swift */,
				BEBF5D5C21B6D41C00B8BFAC /* Info.plist */,
			);
			path = SuperDuperAbstractionAppTests;
			sourceTree = "<group>";
		};
		BEBF5D6421B6D41C00B8BFAC /* SuperDuperAbstractionAppUITests */ = {
			isa = PBXGroup;
			children = (
				BEBF5D6521B6D41C00B8BFAC /* SuperDuperAbstractionAppUITests.swift */,
				BEBF5D6721B6D41C00B8BFAC /* Info.plist */,
			);
			path = SuperDuperAbstractionAppUITests;
			sourceTree = "<group>";
		};
		BEBF5D7321B6D4D100B8BFAC /* Resources */ = {
			isa = PBXGroup;
			children = (
				BEBF5D4521B6D41700B8BFAC /* AppDelegate.swift */,
				BEBF5D4C21B6D41C00B8BFAC /* Assets.xcassets */,
				BEBF5D5121B6D41C00B8BFAC /* Info.plist */,
			);
			path = Resources;
			sourceTree = "<group>";
		};
		BEBF5D7421B6D4F900B8BFAC /* Controller */ = {
			isa = PBXGroup;
			children = (
				BEBF5D4721B6D41700B8BFAC /* ViewController.swift */,
			);
			path = Controller;
			sourceTree = "<group>";
		};
		BEBF5D7521B6D50700B8BFAC /* View */ = {
			isa = PBXGroup;
			children = (
				BEBF5D4921B6D41700B8BFAC /* Main.storyboard */,
				BEBF5D4E21B6D41C00B8BFAC /* LaunchScreen.storyboard */,
			);
			path = View;
			sourceTree = "<group>";
		};
/* End PBXGroup section */

/* Begin PBXNativeTarget section */
		BEBF5D4121B6D41700B8BFAC /* SuperDuperAbstractionApp */ = {
			isa = PBXNativeTarget;
			buildConfigurationList = BEBF5D6A21B6D41C00B8BFAC /* Build configuration list for PBXNativeTarget "SuperDuperAbstractionApp" */;
			buildPhases = (
				BEBF5D3E21B6D41700B8BFAC /* Sources */,
				BEBF5D3F21B6D41700B8BFAC /* Frameworks */,
				BEBF5D4021B6D41700B8BFAC /* Resources */,
			);
			buildRules = (
			);
			dependencies = (
			);
			name = SuperDuperAbstractionApp;
			productName = SuperDuperAbstractionApp;
			productReference = BEBF5D4221B6D41700B8BFAC /* SuperDuperAbstractionApp.app */;
			productType = "com.apple.product-type.application";
		};
		BEBF5D5521B6D41C00B8BFAC /* SuperDuperAbstractionAppTests */ = {
			isa = PBXNativeTarget;
			buildConfigurationList = BEBF5D6D21B6D41C00B8BFAC /* Build configuration list for PBXNativeTarget "SuperDuperAbstractionAppTests" */;
			buildPhases = (
				BEBF5D5221B6D41C00B8BFAC /* Sources */,
				BEBF5D5321B6D41C00B8BFAC /* Frameworks */,
				BEBF5D5421B6D41C00B8BFAC /* Resources */,
			);
			buildRules = (
			);
			dependencies = (
				BEBF5D5821B6D41C00B8BFAC /* PBXTargetDependency */,
			);
			name = SuperDuperAbstractionAppTests;
			productName = SuperDuperAbstractionAppTests;
			productReference = BEBF5D5621B6D41C00B8BFAC /* SuperDuperAbstractionAppTests.xctest */;
			productType = "com.apple.product-type.bundle.unit-test";
		};
		BEBF5D6021B6D41C00B8BFAC /* SuperDuperAbstractionAppUITests */ = {
			isa = PBXNativeTarget;
			buildConfigurationList = BEBF5D7021B6D41C00B8BFAC /* Build configuration list for PBXNativeTarget "SuperDuperAbstractionAppUITests" */;
			buildPhases = (
				BEBF5D5D21B6D41C00B8BFAC /* Sources */,
				BEBF5D5E21B6D41C00B8BFAC /* Frameworks */,
				BEBF5D5F21B6D41C00B8BFAC /* Resources */,
			);
			buildRules = (
			);
			dependencies = (
				BEBF5D6321B6D41C00B8BFAC /* PBXTargetDependency */,
			);
			name = SuperDuperAbstractionAppUITests;
			productName = SuperDuperAbstractionAppUITests;
			productReference = BEBF5D6121B6D41C00B8BFAC /* SuperDuperAbstractionAppUITests.xctest */;
			productType = "com.apple.product-type.bundle.ui-testing";
		};
/* End PBXNativeTarget section */

/* Begin PBXProject section */
		BEBF5D3A21B6D41700B8BFAC /* Project object */ = {
			isa = PBXProject;
			attributes = {
				LastSwiftUpdateCheck = 1000;
				LastUpgradeCheck = 1000;
				ORGANIZATIONNAME = CTEC;
				TargetAttributes = {
					BEBF5D4121B6D41700B8BFAC = {
						CreatedOnToolsVersion = 10.0;
					};
					BEBF5D5521B6D41C00B8BFAC = {
						CreatedOnToolsVersion = 10.0;
						TestTargetID = BEBF5D4121B6D41700B8BFAC;
					};
					BEBF5D6021B6D41C00B8BFAC = {
						CreatedOnToolsVersion = 10.0;
						TestTargetID = BEBF5D4121B6D41700B8BFAC;
					};
				};
			};
			buildConfigurationList = BEBF5D3D21B6D41700B8BFAC /* Build configuration list for PBXProject "SuperDuperAbstractionApp" */;
			compatibilityVersion = "Xcode 9.3";
			developmentRegion = en;
			hasScannedForEncodings = 0;
			knownRegions = (
				en,
				Base,
			);
			mainGroup = BEBF5D3921B6D41700B8BFAC;
			productRefGroup = BEBF5D4321B6D41700B8BFAC /* Products */;
			projectDirPath = "";
			projectRoot = "";
			targets = (
				BEBF5D4121B6D41700B8BFAC /* SuperDuperAbstractionApp */,
				BEBF5D5521B6D41C00B8BFAC /* SuperDuperAbstractionAppTests */,
				BEBF5D6021B6D41C00B8BFAC /* SuperDuperAbstractionAppUITests */,
			);
		};
/* End PBXProject section */

/* Begin PBXResourcesBuildPhase section */
		BEBF5D4021B6D41700B8BFAC /* Resources */ = {
			isa = PBXResourcesBuildPhase;
			buildActionMask = 2147483647;
			files = (
				BEBF5D5021B6D41C00B8BFAC /* LaunchScreen.storyboard in Resources */,
				BEBF5D4D21B6D41C00B8BFAC /* Assets.xcassets in Resources */,
				BEBF5D4B21B6D41700B8BFAC /* Main.storyboard in Resources */,
			);
			runOnlyForDeploymentPostprocessing = 0;
		};
		BEBF5D5421B6D41C00B8BFAC /* Resources */ = {
			isa = PBXResourcesBuildPhase;
			buildActionMask = 2147483647;
			files = (
			);
			runOnlyForDeploymentPostprocessing = 0;
		};
		BEBF5D5F21B6D41C00B8BFAC /* Resources */ = {
			isa = PBXResourcesBuildPhase;
			buildActionMask = 2147483647;
			files = (
			);
			runOnlyForDeploymentPostprocessing = 0;
		};
/* End PBXResourcesBuildPhase section */

/* Begin PBXSourcesBuildPhase section */
		BEBF5D3E21B6D41700B8BFAC /* Sources */ = {
			isa = PBXSourcesBuildPhase;
			buildActionMask = 2147483647;
			files = (
				BEBF5D4821B6D41700B8BFAC /* ViewController.swift in Sources */,
				BEBF5D4621B6D41700B8BFAC /* AppDelegate.swift in Sources */,
			);
			runOnlyForDeploymentPostprocessing = 0;
		};
		BEBF5D5221B6D41C00B8BFAC /* Sources */ = {
			isa = PBXSourcesBuildPhase;
			buildActionMask = 2147483647;
			files = (
				BEBF5D5B21B6D41C00B8BFAC /* SuperDuperAbstractionAppTests.swift in Sources */,
			);
			runOnlyForDeploymentPostprocessing = 0;
		};
		BEBF5D5D21B6D41C00B8BFAC /* Sources */ = {
			isa = PBXSourcesBuildPhase;
			buildActionMask = 2147483647;
			files = (
				BEBF5D6621B6D41C00B8BFAC /* SuperDuperAbstractionAppUITests.swift in Sources */,
			);
			runOnlyForDeploymentPostprocessing = 0;
		};
/* End PBXSourcesBuildPhase section */

/* Begin PBXTargetDependency section */
		BEBF5D5821B6D41C00B8BFAC /* PBXTargetDependency */ = {
			isa = PBXTargetDependency;
			target = BEBF5D4121B6D41700B8BFAC /* SuperDuperAbstractionApp */;
			targetProxy = BEBF5D5721B6D41C00B8BFAC /* PBXContainerItemProxy */;
		};
		BEBF5D6321B6D41C00B8BFAC /* PBXTargetDependency */ = {
			isa = PBXTargetDependency;
			target = BEBF5D4121B6D41700B8BFAC /* SuperDuperAbstractionApp */;
			targetProxy = BEBF5D6221B6D41C00B8BFAC /* PBXContainerItemProxy */;
		};
/* End PBXTargetDependency section */

/* Begin PBXVariantGroup section */
		BEBF5D4921B6D41700B8BFAC /* Main.storyboard */ = {
			isa = PBXVariantGroup;
			children = (
				BEBF5D4A21B6D41700B8BFAC /* Base */,
			);
			name = Main.storyboard;
			sourceTree = "<group>";
		};
		BEBF5D4E21B6D41C00B8BFAC /* LaunchScreen.storyboard */ = {
			isa = PBXVariantGroup;
			children = (
				BEBF5D4F21B6D41C00B8BFAC /* Base */,
			);
			name = LaunchScreen.storyboard;
			sourceTree = "<group>";
		};
/* End PBXVariantGroup section */

/* Begin XCBuildConfiguration section */
		BEBF5D6821B6D41C00B8BFAC /* Debug */ = {
			isa = XCBuildConfiguration;
			buildSettings = {
				ALWAYS_SEARCH_USER_PATHS = NO;
				CLANG_ANALYZER_NONNULL = YES;
				CLANG_ANALYZER_NUMBER_OBJECT_CONVERSION = YES_AGGRESSIVE;
				CLANG_CXX_LANGUAGE_STANDARD = "gnu++14";
				CLANG_CXX_LIBRARY = "libc++";
				CLANG_ENABLE_MODULES = YES;
				CLANG_ENABLE_OBJC_ARC = YES;
				CLANG_ENABLE_OBJC_WEAK = YES;
				CLANG_WARN_BLOCK_CAPTURE_AUTORELEASING = YES;
				CLANG_WARN_BOOL_CONVERSION = YES;
				CLANG_WARN_COMMA = YES;
				CLANG_WARN_CONSTANT_CONVERSION = YES;
				CLANG_WARN_DEPRECATED_OBJC_IMPLEMENTATIONS = YES;
				CLANG_WARN_DIRECT_OBJC_ISA_USAGE = YES_ERROR;
				CLANG_WARN_DOCUMENTATION_COMMENTS = YES;
				CLANG_WARN_EMPTY_BODY = YES;
				CLANG_WARN_ENUM_CONVERSION = YES;
				CLANG_WARN_INFINITE_RECURSION = YES;
				CLANG_WARN_INT_CONVERSION = YES;
				CLANG_WARN_NON_LITERAL_NULL_CONVERSION = YES;
				CLANG_WARN_OBJC_IMPLICIT_RETAIN_SELF = YES;
				CLANG_WARN_OBJC_LITERAL_CONVERSION = YES;
				CLANG_WARN_OBJC_ROOT_CLASS = YES_ERROR;
				CLANG_WARN_RANGE_LOOP_ANALYSIS = YES;
				CLANG_WARN_STRICT_PROTOTYPES = YES;
				CLANG_WARN_SUSPICIOUS_MOVE = YES;
				CLANG_WARN_UNGUARDED_AVAILABILITY = YES_AGGRESSIVE;
				CLANG_WARN_UNREACHABLE_CODE = YES;
				CLANG_WARN__DUPLICATE_METHOD_MATCH = YES;
				CODE_SIGN_IDENTITY = "iPhone Developer";
				COPY_PHASE_STRIP = NO;
				DEBUG_INFORMATION_FORMAT = dwarf;
				ENABLE_STRICT_OBJC_MSGSEND = YES;
				ENABLE_TESTABILITY = YES;
				GCC_C_LANGUAGE_STANDARD = gnu11;
				GCC_DYNAMIC_NO_PIC = NO;
				GCC_NO_COMMON_BLOCKS = YES;
				GCC_OPTIMIZATION_LEVEL = 0;
				GCC_PREPROCESSOR_DEFINITIONS = (
					"DEBUG=1",
					"$(inherited)",
				);
				GCC_WARN_64_TO_32_BIT_CONVERSION = YES;
				GCC_WARN_ABOUT_RETURN_TYPE = YES_ERROR;
				GCC_WARN_UNDECLARED_SELECTOR = YES;
				GCC_WARN_UNINITIALIZED_AUTOS = YES_AGGRESSIVE;
				GCC_WARN_UNUSED_FUNCTION = YES;
				GCC_WARN_UNUSED_VARIABLE = YES;
				IPHONEOS_DEPLOYMENT_TARGET = 12.0;
				MTL_ENABLE_DEBUG_INFO = INCLUDE_SOURCE;
				MTL_FAST_MATH = YES;
				ONLY_ACTIVE_ARCH = YES;
				SDKROOT = iphoneos;
				SWIFT_ACTIVE_COMPILATION_CONDITIONS = DEBUG;
				SWIFT_OPTIMIZATION_LEVEL = "-Onone";
			};
			name = Debug;
		};
		BEBF5D6921B6D41C00B8BFAC /* Release */ = {
			isa = XCBuildConfiguration;
			buildSettings = {
				ALWAYS_SEARCH_USER_PATHS = NO;
				CLANG_ANALYZER_NONNULL = YES;
				CLANG_ANALYZER_NUMBER_OBJECT_CONVERSION = YES_AGGRESSIVE;
				CLANG_CXX_LANGUAGE_STANDARD = "gnu++14";
				CLANG_CXX_LIBRARY = "libc++";
				CLANG_ENABLE_MODULES = YES;
				CLANG_ENABLE_OBJC_ARC = YES;
				CLANG_ENABLE_OBJC_WEAK = YES;
				CLANG_WARN_BLOCK_CAPTURE_AUTORELEASING = YES;
				CLANG_WARN_BOOL_CONVERSION = YES;
				CLANG_WARN_COMMA = YES;
				CLANG_WARN_CONSTANT_CONVERSION = YES;
				CLANG_WARN_DEPRECATED_OBJC_IMPLEMENTATIONS = YES;
				CLANG_WARN_DIRECT_OBJC_ISA_USAGE = YES_ERROR;
				CLANG_WARN_DOCUMENTATION_COMMENTS = YES;
				CLANG_WARN_EMPTY_BODY = YES;
				CLANG_WARN_ENUM_CONVERSION = YES;
				CLANG_WARN_INFINITE_RECURSION = YES;
				CLANG_WARN_INT_CONVERSION = YES;
				CLANG_WARN_NON_LITERAL_NULL_CONVERSION = YES;
				CLANG_WARN_OBJC_IMPLICIT_RETAIN_SELF = YES;
				CLANG_WARN_OBJC_LITERAL_CONVERSION = YES;
				CLANG_WARN_OBJC_ROOT_CLASS = YES_ERROR;
				CLANG_WARN_RANGE_LOOP_ANALYSIS = YES;
				CLANG_WARN_STRICT_PROTOTYPES = YES;
				CLANG_WARN_SUSPICIOUS_MOVE = YES;
				CLANG_WARN_UNGUARDED_AVAILABILITY = YES_AGGRESSIVE;
				CLANG_WARN_UNREACHABLE_CODE = YES;
				CLANG_WARN__DUPLICATE_METHOD_MATCH = YES;
				CODE_SIGN_IDENTITY = "iPhone Developer";
				COPY_PHASE_STRIP = NO;
				DEBUG_INFORMATION_FORMAT = "dwarf-with-dsym";
				ENABLE_NS_ASSERTIONS = NO;
				ENABLE_STRICT_OBJC_MSGSEND = YES;
				GCC_C_LANGUAGE_STANDARD = gnu11;
				GCC_NO_COMMON_BLOCKS = YES;
				GCC_WARN_64_TO_32_BIT_CONVERSION = YES;
				GCC_WARN_ABOUT_RETURN_TYPE = YES_ERROR;
				GCC_WARN_UNDECLARED_SELECTOR = YES;
				GCC_WARN_UNINITIALIZED_AUTOS = YES_AGGRESSIVE;
				GCC_WARN_UNUSED_FUNCTION = YES;
				GCC_WARN_UNUSED_VARIABLE = YES;
				IPHONEOS_DEPLOYMENT_TARGET = 12.0;
				MTL_ENABLE_DEBUG_INFO = NO;
				MTL_FAST_MATH = YES;
				SDKROOT = iphoneos;
				SWIFT_COMPILATION_MODE = wholemodule;
				SWIFT_OPTIMIZATION_LEVEL = "-O";
				VALIDATE_PRODUCT = YES;
			};
			name = Release;
		};
		BEBF5D6B21B6D41C00B8BFAC /* Debug */ = {
			isa = XCBuildConfiguration;
			buildSettings = {
				ASSETCATALOG_COMPILER_APPICON_NAME = AppIcon;
				CODE_SIGN_STYLE = Automatic;
				INFOPLIST_FILE = SuperDuperAbstractionApp/Info.plist;
				LD_RUNPATH_SEARCH_PATHS = (
					"$(inherited)",
					"@executable_path/Frameworks",
				);
				PRODUCT_BUNDLE_IDENTIFIER = CTEC.SuperDuperAbstractionApp;
				PRODUCT_NAME = "$(TARGET_NAME)";
				SWIFT_VERSION = 4.2;
				TARGETED_DEVICE_FAMILY = "1,2";
			};
			name = Debug;
		};
		BEBF5D6C21B6D41C00B8BFAC /* Release */ = {
			isa = XCBuildConfiguration;
			buildSettings = {
				ASSETCATALOG_COMPILER_APPICON_NAME = AppIcon;
				CODE_SIGN_STYLE = Automatic;
				INFOPLIST_FILE = SuperDuperAbstractionApp/Info.plist;
				LD_RUNPATH_SEARCH_PATHS = (
					"$(inherited)",
					"@executable_path/Frameworks",
				);
				PRODUCT_BUNDLE_IDENTIFIER = CTEC.SuperDuperAbstractionApp;
				PRODUCT_NAME = "$(TARGET_NAME)";
				SWIFT_VERSION = 4.2;
				TARGETED_DEVICE_FAMILY = "1,2";
			};
			name = Release;
		};
		BEBF5D6E21B6D41C00B8BFAC /* Debug */ = {
			isa = XCBuildConfiguration;
			buildSettings = {
				ALWAYS_EMBED_SWIFT_STANDARD_LIBRARIES = YES;
				BUNDLE_LOADER = "$(TEST_HOST)";
				CODE_SIGN_STYLE = Automatic;
				INFOPLIST_FILE = SuperDuperAbstractionAppTests/Info.plist;
				LD_RUNPATH_SEARCH_PATHS = (
					"$(inherited)",
					"@executable_path/Frameworks",
					"@loader_path/Frameworks",
				);
				PRODUCT_BUNDLE_IDENTIFIER = CTEC.SuperDuperAbstractionAppTests;
				PRODUCT_NAME = "$(TARGET_NAME)";
				SWIFT_VERSION = 4.2;
				TARGETED_DEVICE_FAMILY = "1,2";
				TEST_HOST = "$(BUILT_PRODUCTS_DIR)/SuperDuperAbstractionApp.app/SuperDuperAbstractionApp";
			};
			name = Debug;
		};
		BEBF5D6F21B6D41C00B8BFAC /* Release */ = {
			isa = XCBuildConfiguration;
			buildSettings = {
				ALWAYS_EMBED_SWIFT_STANDARD_LIBRARIES = YES;
				BUNDLE_LOADER = "$(TEST_HOST)";
				CODE_SIGN_STYLE = Automatic;
				INFOPLIST_FILE = SuperDuperAbstractionAppTests/Info.plist;
				LD_RUNPATH_SEARCH_PATHS = (
					"$(inherited)",
					"@executable_path/Frameworks",
					"@loader_path/Frameworks",
				);
				PRODUCT_BUNDLE_IDENTIFIER = CTEC.SuperDuperAbstractionAppTests;
				PRODUCT_NAME = "$(TARGET_NAME)";
				SWIFT_VERSION = 4.2;
				TARGETED_DEVICE_FAMILY = "1,2";
				TEST_HOST = "$(BUILT_PRODUCTS_DIR)/SuperDuperAbstractionApp.app/SuperDuperAbstractionApp";
			};
			name = Release;
		};
		BEBF5D7121B6D41C00B8BFAC /* Debug */ = {
			isa = XCBuildConfiguration;
			buildSettings = {
				ALWAYS_EMBED_SWIFT_STANDARD_LIBRARIES = YES;
				CODE_SIGN_STYLE = Automatic;
				INFOPLIST_FILE = SuperDuperAbstractionAppUITests/Info.plist;
				LD_RUNPATH_SEARCH_PATHS = (
					"$(inherited)",
					"@executable_path/Frameworks",
					"@loader_path/Frameworks",
				);
				PRODUCT_BUNDLE_IDENTIFIER = CTEC.SuperDuperAbstractionAppUITests;
				PRODUCT_NAME = "$(TARGET_NAME)";
				SWIFT_VERSION = 4.2;
				TARGETED_DEVICE_FAMILY = "1,2";
				TEST_TARGET_NAME = SuperDuperAbstractionApp;
			};
			name = Debug;
		};
		BEBF5D7221B6D41C00B8BFAC /* Release */ = {
			isa = XCBuildConfiguration;
			buildSettings = {
				ALWAYS_EMBED_SWIFT_STANDARD_LIBRARIES = YES;
				CODE_SIGN_STYLE = Automatic;
				INFOPLIST_FILE = SuperDuperAbstractionAppUITests/Info.plist;
				LD_RUNPATH_SEARCH_PATHS = (
					"$(inherited)",
					"@executable_path/Frameworks",
					"@loader_path/Frameworks",
				);
				PRODUCT_BUNDLE_IDENTIFIER = CTEC.SuperDuperAbstractionAppUITests;
				PRODUCT_NAME = "$(TARGET_NAME)";
				SWIFT_VERSION = 4.2;
				TARGETED_DEVICE_FAMILY = "1,2";
				TEST_TARGET_NAME = SuperDuperAbstractionApp;
			};
			name = Release;
		};
/* End XCBuildConfiguration section */

/* Begin XCConfigurationList section */
		BEBF5D3D21B6D41700B8BFAC /* Build configuration list for PBXProject "SuperDuperAbstractionApp" */ = {
			isa = XCConfigurationList;
			buildConfigurations = (
				BEBF5D6821B6D41C00B8BFAC /* Debug */,
				BEBF5D6921B6D41C00B8BFAC /* Release */,
			);
			defaultConfigurationIsVisible = 0;
			defaultConfigurationName = Release;
		};
		BEBF5D6A21B6D41C00B8BFAC /* Build configuration list for PBXNativeTarget "SuperDuperAbstractionApp" */ = {
			isa = XCConfigurationList;
			buildConfigurations = (
				BEBF5D6B21B6D41C00B8BFAC /* Debug */,
				BEBF5D6C21B6D41C00B8BFAC /* Release */,
			);
			defaultConfigurationIsVisible = 0;
			defaultConfigurationName = Release;
		};
		BEBF5D6D21B6D41C00B8BFAC /* Build configuration list for PBXNativeTarget "SuperDuperAbstractionAppTests" */ = {
			isa = XCConfigurationList;
			buildConfigurations = (
				BEBF5D6E21B6D41C00B8BFAC /* Debug */,
				BEBF5D6F21B6D41C00B8BFAC /* Release */,
			);
			defaultConfigurationIsVisible = 0;
			defaultConfigurationName = Release;
		};
		BEBF5D7021B6D41C00B8BFAC /* Build configuration list for PBXNativeTarget "SuperDuperAbstractionAppUITests" */ = {
			isa = XCConfigurationList;
			buildConfigurations = (
				BEBF5D7121B6D41C00B8BFAC /* Debug */,
				BEBF5D7221B6D41C00B8BFAC /* Release */,
			);
			defaultConfigurationIsVisible = 0;
			defaultConfigurationName = Release;
		};
/* End XCConfigurationList section */
	};
	rootObject = BEBF5D3A21B6D41700B8BFAC /* Project object */;
}
